
Microsoft Visual Studio Solution File, Format Version 12.00
# Visual Studio Version 16
VisualStudioVersion = 16.0.29009.5
MinimumVisualStudioVersion = 10.0.40219.1
Project("{FAE04EC0-301F-11D3-BF4B-00C04F79EFBC}") = "WindowsFormsApp1", "WindowsFormsApp1\WindowsFormsApp1.csproj", "{B6EA5F92-CF10-4C32-9F76-8125B13D49DB}"
EndProject
Global
	GlobalSection(SolutionConfigurationPlatforms) = preSolution
		Debug|Any CPU = Debug|Any CPU
		Release|Any CPU = Release|Any CPU
	EndGlobalSection
	GlobalSection(ProjectConfigurationPlatforms) = postSolution
		{B6EA5F92-CF10-4C32-9F76-8125B13D49DB}.Debug|Any CPU.ActiveCfg = Debug|Any CPU
		{B6EA5F92-CF10-4C32-9F76-8125B13D49DB}.Debug|Any CPU.Build.0 = Debug|Any CPU
		{B6EA5F92-CF10-4C32-9F76-8125B13D49DB}.Release|Any CPU.ActiveCfg = Release|Any CPU
		{B6EA5F92-CF10-4C32-9F76-8125B13D49DB}.Release|Any CPU.Build.0 = Release|Any CPU
	EndGlobalSection
	GlobalSection(SolutionProperties) = preSolution
		HideSolutionNode = FALSE
	EndGlobalSection
	GlobalSection(ExtensibilityGlobals) = postSolution
		SolutionGuid = {5CC2C151-FF2C-4BD3-A8A6-CC57A5E824EE}
	EndGlobalSection
EndGlobal
